
Microsoft Visual Studio Solution File, Format Version 12.00
# Visual Studio Version 17
VisualStudioVersion = 17.6.33829.357
MinimumVisualStudioVersion = 10.0.40219.1
Project("{FAE04EC0-301F-11D3-BF4B-00C04F79EFBC}") = "CakeBuild", "CakeBuild\CakeBuild.csproj", "{77A07427-07A9-4AB3-9268-AB7B05E468A1}"
EndProject
Project("{FAE04EC0-301F-11D3-BF4B-00C04F79EFBC}") = "firearms", "firearms\firearms.csproj", "{AFF4F681-1686-46EE-A919-1806B8FCC07A}"
EndProject
Global
	GlobalSection(SolutionConfigurationPlatforms) = preSolution
		Debug|Any CPU = Debug|Any CPU
		Release|Any CPU = Release|Any CPU
	EndGlobalSection
	GlobalSection(ProjectConfigurationPlatforms) = postSolution
		{77A07427-07A9-4AB3-9268-AB7B05E468A1}.Debug|Any CPU.ActiveCfg = Debug|Any CPU
		{77A07427-07A9-4AB3-9268-AB7B05E468A1}.Debug|Any CPU.Build.0 = Debug|Any CPU
		{77A07427-07A9-4AB3-9268-AB7B05E468A1}.Release|Any CPU.ActiveCfg = Release|Any CPU
		{77A07427-07A9-4AB3-9268-AB7B05E468A1}.Release|Any CPU.Build.0 = Release|Any CPU
		{AFF4F681-1686-46EE-A919-1806B8FCC07A}.Debug|Any CPU.ActiveCfg = Debug|Any CPU
		{AFF4F681-1686-46EE-A919-1806B8FCC07A}.Debug|Any CPU.Build.0 = Debug|Any CPU
		{AFF4F681-1686-46EE-A919-1806B8FCC07A}.Release|Any CPU.ActiveCfg = Release|Any CPU
		{AFF4F681-1686-46EE-A919-1806B8FCC07A}.Release|Any CPU.Build.0 = Release|Any CPU
	EndGlobalSection
	GlobalSection(SolutionProperties) = preSolution
		HideSolutionNode = FALSE
	EndGlobalSection
	GlobalSection(ExtensibilityGlobals) = postSolution
		SolutionGuid = {086355D9-11FC-41EF-8C1A-9A696C512309}
	EndGlobalSection
EndGlobal
